
Microsoft Visual Studio Solution File, Format Version 12.00
# Visual Studio Version 17
VisualStudioVersion = 17.2.32505.173
MinimumVisualStudioVersion = 10.0.40219.1
Project("{FAE04EC0-301F-11D3-BF4B-00C04F79EFBC}") = "CommunicationHubNetCore3", "CommunicationHubNetCore3\CommunicationHubNetCore3.csproj", "{00E5D08B-D243-4292-B52E-9B0B870FB39E}"
EndProject
Project("{FAE04EC0-301F-11D3-BF4B-00C04F79EFBC}") = "CommunicationHub.TcpChat", "CommunicationHub.TcpChat\CommunicationHub.TcpChat.csproj", "{3B81979C-AE15-43D2-9B09-883822B92738}"
EndProject
Global
	GlobalSection(SolutionConfigurationPlatforms) = preSolution
		Debug|Any CPU = Debug|Any CPU
		Release|Any CPU = Release|Any CPU
	EndGlobalSection
	GlobalSection(ProjectConfigurationPlatforms) = postSolution
		{00E5D08B-D243-4292-B52E-9B0B870FB39E}.Debug|Any CPU.ActiveCfg = Debug|Any CPU
		{00E5D08B-D243-4292-B52E-9B0B870FB39E}.Debug|Any CPU.Build.0 = Debug|Any CPU
		{00E5D08B-D243-4292-B52E-9B0B870FB39E}.Release|Any CPU.ActiveCfg = Release|Any CPU
		{00E5D08B-D243-4292-B52E-9B0B870FB39E}.Release|Any CPU.Build.0 = Release|Any CPU
		{3B81979C-AE15-43D2-9B09-883822B92738}.Debug|Any CPU.ActiveCfg = Debug|Any CPU
		{3B81979C-AE15-43D2-9B09-883822B92738}.Debug|Any CPU.Build.0 = Debug|Any CPU
		{3B81979C-AE15-43D2-9B09-883822B92738}.Release|Any CPU.ActiveCfg = Release|Any CPU
		{3B81979C-AE15-43D2-9B09-883822B92738}.Release|Any CPU.Build.0 = Release|Any CPU
	EndGlobalSection
	GlobalSection(SolutionProperties) = preSolution
		HideSolutionNode = FALSE
	EndGlobalSection
	GlobalSection(ExtensibilityGlobals) = postSolution
		SolutionGuid = {267CE5B4-0104-40C9-8CDC-60D7D2D2123A}
	EndGlobalSection
EndGlobal
